// !$*UTF8*$!
{
	archiveVersion = 1;
	classes = {
	};
	objectVersion = 46;
	objects = {

/* Begin PBXBuildFile section */
		552FB030F5DF391C6F536D90 /* Pods_laolin.framework in Frameworks */ = {isa = PBXBuildFile; fileRef = 1FFD1883C3AF09CD9B936DE2 /* Pods_laolin.framework */; };
		EB163D631D226344005C13DF /* AppDelegate.swift in Sources */ = {isa = PBXBuildFile; fileRef = EB163D621D226344005C13DF /* AppDelegate.swift */; };
		EB163D651D226344005C13DF /* ViewController.swift in Sources */ = {isa = PBXBuildFile; fileRef = EB163D641D226344005C13DF /* ViewController.swift */; };
		EB163D681D226344005C13DF /* Main.storyboard in Resources */ = {isa = PBXBuildFile; fileRef = EB163D661D226344005C13DF /* Main.storyboard */; };
		EB163D6B1D226344005C13DF /* laolin.xcdatamodeld in Sources */ = {isa = PBXBuildFile; fileRef = EB163D691D226344005C13DF /* laolin.xcdatamodeld */; };
		EB163D6D1D226344005C13DF /* Assets.xcassets in Resources */ = {isa = PBXBuildFile; fileRef = EB163D6C1D226344005C13DF /* Assets.xcassets */; };
		EB163D701D226344005C13DF /* LaunchScreen.storyboard in Resources */ = {isa = PBXBuildFile; fileRef = EB163D6E1D226344005C13DF /* LaunchScreen.storyboard */; };
		EB163D7A1D24BE5A005C13DF /* BaseDataModuel.swift in Sources */ = {isa = PBXBuildFile; fileRef = EB163D791D24BE5A005C13DF /* BaseDataModuel.swift */; };
		EB163D7C1D24BF2E005C13DF /* BaseBusiness.swift in Sources */ = {isa = PBXBuildFile; fileRef = EB163D7B1D24BF2E005C13DF /* BaseBusiness.swift */; };
		EB163D7E1D24CA04005C13DF /* addBusiness.swift in Sources */ = {isa = PBXBuildFile; fileRef = EB163D7D1D24CA04005C13DF /* addBusiness.swift */; };
		EB163D801D24E817005C13DF /* addDataModuel.swift in Sources */ = {isa = PBXBuildFile; fileRef = EB163D7F1D24E817005C13DF /* addDataModuel.swift */; };
		EB163D821D250012005C13DF /* deleteDataModuel.swift in Sources */ = {isa = PBXBuildFile; fileRef = EB163D811D250012005C13DF /* deleteDataModuel.swift */; };
		EB163D841D250020005C13DF /* getDataModuel.swift in Sources */ = {isa = PBXBuildFile; fileRef = EB163D831D250020005C13DF /* getDataModuel.swift */; };
		EB163D881D250301005C13DF /* deleteBaseBusiness.swift in Sources */ = {isa = PBXBuildFile; fileRef = EB163D871D250301005C13DF /* deleteBaseBusiness.swift */; };
		EB163D8A1D250319005C13DF /* getBaseBusiness.swift in Sources */ = {isa = PBXBuildFile; fileRef = EB163D891D250319005C13DF /* getBaseBusiness.swift */; };
		EB163D8C1D252AF4005C13DF /* downloadBusiness.swift in Sources */ = {isa = PBXBuildFile; fileRef = EB163D8B1D252AF4005C13DF /* downloadBusiness.swift */; };
		EB163D8E1D252B7C005C13DF /* downloadDataModuel.swift in Sources */ = {isa = PBXBuildFile; fileRef = EB163D8D1D252B7C005C13DF /* downloadDataModuel.swift */; };
		EB163D901D260CC4005C13DF /* NetWorkManager.swift in Sources */ = {isa = PBXBuildFile; fileRef = EB163D8F1D260CC4005C13DF /* NetWorkManager.swift */; };
		EB163D941D2A3B40005C13DF /* NetWorkingError.swift in Sources */ = {isa = PBXBuildFile; fileRef = EB163D931D2A3B40005C13DF /* NetWorkingError.swift */; };
		EB163D961D2B5326005C13DF /* TableViewController.swift in Sources */ = {isa = PBXBuildFile; fileRef = EB163D951D2B5326005C13DF /* TableViewController.swift */; };
		EB163D981D2B540B005C13DF /* TableViewCell.swift in Sources */ = {isa = PBXBuildFile; fileRef = EB163D971D2B540B005C13DF /* TableViewCell.swift */; };
/* End PBXBuildFile section */

/* Begin PBXFileReference section */
		09ABC226C9C19C408E36DA79 /* Pods-laolin.release.xcconfig */ = {isa = PBXFileReference; includeInIndex = 1; lastKnownFileType = text.xcconfig; name = "Pods-laolin.release.xcconfig"; path = "Pods/Target Support Files/Pods-laolin/Pods-laolin.release.xcconfig"; sourceTree = "<group>"; };
		1FFD1883C3AF09CD9B936DE2 /* Pods_laolin.framework */ = {isa = PBXFileReference; explicitFileType = wrapper.framework; includeInIndex = 0; path = Pods_laolin.framework; sourceTree = BUILT_PRODUCTS_DIR; };
		E6582CA2B44F2AB975BBD33C /* Pods-laolin.debug.xcconfig */ = {isa = PBXFileReference; includeInIndex = 1; lastKnownFileType = text.xcconfig; name = "Pods-laolin.debug.xcconfig"; path = "Pods/Target Support Files/Pods-laolin/Pods-laolin.debug.xcconfig"; sourceTree = "<group>"; };
		EB163D5F1D226344005C13DF /* laolin.app */ = {isa = PBXFileReference; explicitFileType = wrapper.application; includeInIndex = 0; path = laolin.app; sourceTree = BUILT_PRODUCTS_DIR; };
		EB163D621D226344005C13DF /* AppDelegate.swift */ = {isa = PBXFileReference; lastKnownFileType = sourcecode.swift; path = AppDelegate.swift; sourceTree = "<group>"; };
		EB163D641D226344005C13DF /* ViewController.swift */ = {isa = PBXFileReference; lastKnownFileType = sourcecode.swift; path = ViewController.swift; sourceTree = "<group>"; };
		EB163D671D226344005C13DF /* Base */ = {isa = PBXFileReference; lastKnownFileType = file.storyboard; name = Base; path = Base.lproj/Main.storyboard; sourceTree = "<group>"; };
		EB163D6A1D226344005C13DF /* laolin.xcdatamodel */ = {isa = PBXFileReference; lastKnownFileType = wrapper.xcdatamodel; path = laolin.xcdatamodel; sourceTree = "<group>"; };
		EB163D6C1D226344005C13DF /* Assets.xcassets */ = {isa = PBXFileReference; lastKnownFileType = folder.assetcatalog; path = Assets.xcassets; sourceTree = "<group>"; };
		EB163D6F1D226344005C13DF /* Base */ = {isa = PBXFileReference; lastKnownFileType = file.storyboard; name = Base; path = Base.lproj/LaunchScreen.storyboard; sourceTree = "<group>"; };
		EB163D711D226344005C13DF /* Info.plist */ = {isa = PBXFileReference; lastKnownFileType = text.plist.xml; path = Info.plist; sourceTree = "<group>"; };
		EB163D791D24BE5A005C13DF /* BaseDataModuel.swift */ = {isa = PBXFileReference; fileEncoding = 4; lastKnownFileType = sourcecode.swift; path = BaseDataModuel.swift; sourceTree = "<group>"; };
		EB163D7B1D24BF2E005C13DF /* BaseBusiness.swift */ = {isa = PBXFileReference; fileEncoding = 4; lastKnownFileType = sourcecode.swift; path = BaseBusiness.swift; sourceTree = "<group>"; };
		EB163D7D1D24CA04005C13DF /* addBusiness.swift */ = {isa = PBXFileReference; fileEncoding = 4; lastKnownFileType = sourcecode.swift; path = addBusiness.swift; sourceTree = "<group>"; };
		EB163D7F1D24E817005C13DF /* addDataModuel.swift */ = {isa = PBXFileReference; fileEncoding = 4; lastKnownFileType = sourcecode.swift; path = addDataModuel.swift; sourceTree = "<group>"; };
		EB163D811D250012005C13DF /* deleteDataModuel.swift */ = {isa = PBXFileReference; fileEncoding = 4; lastKnownFileType = sourcecode.swift; path = deleteDataModuel.swift; sourceTree = "<group>"; };
		EB163D831D250020005C13DF /* getDataModuel.swift */ = {isa = PBXFileReference; fileEncoding = 4; lastKnownFileType = sourcecode.swift; path = getDataModuel.swift; sourceTree = "<group>"; };
		EB163D871D250301005C13DF /* deleteBaseBusiness.swift */ = {isa = PBXFileReference; fileEncoding = 4; lastKnownFileType = sourcecode.swift; path = deleteBaseBusiness.swift; sourceTree = "<group>"; };
		EB163D891D250319005C13DF /* getBaseBusiness.swift */ = {isa = PBXFileReference; fileEncoding = 4; lastKnownFileType = sourcecode.swift; path = getBaseBusiness.swift; sourceTree = "<group>"; };
		EB163D8B1D252AF4005C13DF /* downloadBusiness.swift */ = {isa = PBXFileReference; fileEncoding = 4; lastKnownFileType = sourcecode.swift; path = downloadBusiness.swift; sourceTree = "<group>"; };
		EB163D8D1D252B7C005C13DF /* downloadDataModuel.swift */ = {isa = PBXFileReference; fileEncoding = 4; lastKnownFileType = sourcecode.swift; path = downloadDataModuel.swift; sourceTree = "<group>"; };
		EB163D8F1D260CC4005C13DF /* NetWorkManager.swift */ = {isa = PBXFileReference; fileEncoding = 4; lastKnownFileType = sourcecode.swift; path = NetWorkManager.swift; sourceTree = "<group>"; };
		EB163D931D2A3B40005C13DF /* NetWorkingError.swift */ = {isa = PBXFileReference; fileEncoding = 4; lastKnownFileType = sourcecode.swift; path = NetWorkingError.swift; sourceTree = "<group>"; };
		EB163D951D2B5326005C13DF /* TableViewController.swift */ = {isa = PBXFileReference; fileEncoding = 4; lastKnownFileType = sourcecode.swift; path = TableViewController.swift; sourceTree = "<group>"; };
		EB163D971D2B540B005C13DF /* TableViewCell.swift */ = {isa = PBXFileReference; fileEncoding = 4; lastKnownFileType = sourcecode.swift; path = TableViewCell.swift; sourceTree = "<group>"; };
/* End PBXFileReference section */

/* Begin PBXFrameworksBuildPhase section */
		EB163D5C1D226344005C13DF /* Frameworks */ = {
			isa = PBXFrameworksBuildPhase;
			buildActionMask = 2147483647;
			files = (
				552FB030F5DF391C6F536D90 /* Pods_laolin.framework in Frameworks */,
			);
			runOnlyForDeploymentPostprocessing = 0;
		};
/* End PBXFrameworksBuildPhase section */

/* Begin PBXGroup section */
		6A595A956A7B405BCB9DCEEA /* Frameworks */ = {
			isa = PBXGroup;
			children = (
				1FFD1883C3AF09CD9B936DE2 /* Pods_laolin.framework */,
			);
			name = Frameworks;
			sourceTree = "<group>";
		};
		949D919B1807593051B70B14 /* Pods */ = {
			isa = PBXGroup;
			children = (
				E6582CA2B44F2AB975BBD33C /* Pods-laolin.debug.xcconfig */,
				09ABC226C9C19C408E36DA79 /* Pods-laolin.release.xcconfig */,
			);
			name = Pods;
			sourceTree = "<group>";
		};
		EB163D561D226344005C13DF = {
			isa = PBXGroup;
			children = (
				EB163D611D226344005C13DF /* laolin */,
				EB163D601D226344005C13DF /* Products */,
				949D919B1807593051B70B14 /* Pods */,
				6A595A956A7B405BCB9DCEEA /* Frameworks */,
			);
			sourceTree = "<group>";
		};
		EB163D601D226344005C13DF /* Products */ = {
			isa = PBXGroup;
			children = (
				EB163D5F1D226344005C13DF /* laolin.app */,
			);
			name = Products;
			sourceTree = "<group>";
		};
		EB163D611D226344005C13DF /* laolin */ = {
			isa = PBXGroup;
			children = (
				EB163D621D226344005C13DF /* AppDelegate.swift */,
				EB163D641D226344005C13DF /* ViewController.swift */,
				EB163D661D226344005C13DF /* Main.storyboard */,
				EB163D6C1D226344005C13DF /* Assets.xcassets */,
				EB163D6E1D226344005C13DF /* LaunchScreen.storyboard */,
				EB163D711D226344005C13DF /* Info.plist */,
				EB163D691D226344005C13DF /* laolin.xcdatamodeld */,
				EB163D851D2502CA005C13DF /* data */,
				EB163D861D2502D6005C13DF /* Business */,
				EB163D9A1D2B546D005C13DF /* Error */,
				EB163D991D2B5417005C13DF /* tableView */,
			);
			path = laolin;
			sourceTree = "<group>";
		};
		EB163D851D2502CA005C13DF /* data */ = {
			isa = PBXGroup;
			children = (
				EB163D791D24BE5A005C13DF /* BaseDataModuel.swift */,
				EB163D7F1D24E817005C13DF /* addDataModuel.swift */,
				EB163D811D250012005C13DF /* deleteDataModuel.swift */,
				EB163D831D250020005C13DF /* getDataModuel.swift */,
				EB163D8D1D252B7C005C13DF /* downloadDataModuel.swift */,
			);
			name = data;
			sourceTree = "<group>";
		};
		EB163D861D2502D6005C13DF /* Business */ = {
			isa = PBXGroup;
			children = (
				EB163D7B1D24BF2E005C13DF /* BaseBusiness.swift */,
				EB163D7D1D24CA04005C13DF /* addBusiness.swift */,
				EB163D871D250301005C13DF /* deleteBaseBusiness.swift */,
				EB163D891D250319005C13DF /* getBaseBusiness.swift */,
				EB163D8B1D252AF4005C13DF /* downloadBusiness.swift */,
			);
			name = Business;
			sourceTree = "<group>";
		};
		EB163D991D2B5417005C13DF /* tableView */ = {
			isa = PBXGroup;
			children = (
				EB163D951D2B5326005C13DF /* TableViewController.swift */,
				EB163D971D2B540B005C13DF /* TableViewCell.swift */,
			);
			name = tableView;
			sourceTree = "<group>";
		};
		EB163D9A1D2B546D005C13DF /* Error */ = {
			isa = PBXGroup;
			children = (
				EB163D8F1D260CC4005C13DF /* NetWorkManager.swift */,
				EB163D931D2A3B40005C13DF /* NetWorkingError.swift */,
			);
			name = Error;
			sourceTree = "<group>";
		};
/* End PBXGroup section */

/* Begin PBXNativeTarget section */
		EB163D5E1D226344005C13DF /* laolin */ = {
			isa = PBXNativeTarget;
			buildConfigurationList = EB163D741D226344005C13DF /* Build configuration list for PBXNativeTarget "laolin" */;
			buildPhases = (
				471B95374EF39ED39FD790A8 /* Check Pods Manifest.lock */,
				EB163D5B1D226344005C13DF /* Sources */,
				EB163D5C1D226344005C13DF /* Frameworks */,
				EB163D5D1D226344005C13DF /* Resources */,
				027C39B1165A4DE43292B319 /* Embed Pods Frameworks */,
				96061158747D162472D3C138 /* Copy Pods Resources */,
			);
			buildRules = (
			);
			dependencies = (
			);
			name = laolin;
			productName = laolin;
			productReference = EB163D5F1D226344005C13DF /* laolin.app */;
			productType = "com.apple.product-type.application";
		};
/* End PBXNativeTarget section */

/* Begin PBXProject section */
		EB163D571D226344005C13DF /* Project object */ = {
			isa = PBXProject;
			attributes = {
				LastSwiftUpdateCheck = 0730;
				LastUpgradeCheck = 0730;
				ORGANIZATIONNAME = joker;
				TargetAttributes = {
					EB163D5E1D226344005C13DF = {
						CreatedOnToolsVersion = 7.3.1;
						DevelopmentTeam = ZWZANXUM79;
					};
				};
			};
			buildConfigurationList = EB163D5A1D226344005C13DF /* Build configuration list for PBXProject "laolin" */;
			compatibilityVersion = "Xcode 3.2";
			developmentRegion = English;
			hasScannedForEncodings = 0;
			knownRegions = (
				en,
				Base,
			);
			mainGroup = EB163D561D226344005C13DF;
			productRefGroup = EB163D601D226344005C13DF /* Products */;
			projectDirPath = "";
			projectRoot = "";
			targets = (
				EB163D5E1D226344005C13DF /* laolin */,
			);
		};
/* End PBXProject section */

/* Begin PBXResourcesBuildPhase section */
		EB163D5D1D226344005C13DF /* Resources */ = {
			isa = PBXResourcesBuildPhase;
			buildActionMask = 2147483647;
			files = (
				EB163D701D226344005C13DF /* LaunchScreen.storyboard in Resources */,
				EB163D6D1D226344005C13DF /* Assets.xcassets in Resources */,
				EB163D681D226344005C13DF /* Main.storyboard in Resources */,
			);
			runOnlyForDeploymentPostprocessing = 0;
		};
/* End PBXResourcesBuildPhase section */

/* Begin PBXShellScriptBuildPhase section */
		027C39B1165A4DE43292B319 /* Embed Pods Frameworks */ = {
			isa = PBXShellScriptBuildPhase;
			buildActionMask = 2147483647;
			files = (
			);
			inputPaths = (
			);
			name = "Embed Pods Frameworks";
			outputPaths = (
			);
			runOnlyForDeploymentPostprocessing = 0;
			shellPath = /bin/sh;
			shellScript = "\"${SRCROOT}/Pods/Target Support Files/Pods-laolin/Pods-laolin-frameworks.sh\"\n";
			showEnvVarsInLog = 0;
		};
		471B95374EF39ED39FD790A8 /* Check Pods Manifest.lock */ = {
			isa = PBXShellScriptBuildPhase;
			buildActionMask = 2147483647;
			files = (
			);
			inputPaths = (
			);
			name = "Check Pods Manifest.lock";
			outputPaths = (
			);
			runOnlyForDeploymentPostprocessing = 0;
			shellPath = /bin/sh;
			shellScript = "diff \"${PODS_ROOT}/../Podfile.lock\" \"${PODS_ROOT}/Manifest.lock\" > /dev/null\nif [[ $? != 0 ]] ; then\n    cat << EOM\nerror: The sandbox is not in sync with the Podfile.lock. Run 'pod install' or update your CocoaPods installation.\nEOM\n    exit 1\nfi\n";
			showEnvVarsInLog = 0;
		};
		96061158747D162472D3C138 /* Copy Pods Resources */ = {
			isa = PBXShellScriptBuildPhase;
			buildActionMask = 2147483647;
			files = (
			);
			inputPaths = (
			);
			name = "Copy Pods Resources";
			outputPaths = (
			);
			runOnlyForDeploymentPostprocessing = 0;
			shellPath = /bin/sh;
			shellScript = "\"${SRCROOT}/Pods/Target Support Files/Pods-laolin/Pods-laolin-resources.sh\"\n";
			showEnvVarsInLog = 0;
		};
/* End PBXShellScriptBuildPhase section */

/* Begin PBXSourcesBuildPhase section */
		EB163D5B1D226344005C13DF /* Sources */ = {
			isa = PBXSourcesBuildPhase;
			buildActionMask = 2147483647;
			files = (
				EB163D8A1D250319005C13DF /* getBaseBusiness.swift in Sources */,
				EB163D8C1D252AF4005C13DF /* downloadBusiness.swift in Sources */,
				EB163D651D226344005C13DF /* ViewController.swift in Sources */,
				EB163D631D226344005C13DF /* AppDelegate.swift in Sources */,
				EB163D901D260CC4005C13DF /* NetWorkManager.swift in Sources */,
				EB163D7C1D24BF2E005C13DF /* BaseBusiness.swift in Sources */,
				EB163D8E1D252B7C005C13DF /* downloadDataModuel.swift in Sources */,
				EB163D941D2A3B40005C13DF /* NetWorkingError.swift in Sources */,
				EB163D7A1D24BE5A005C13DF /* BaseDataModuel.swift in Sources */,
				EB163D821D250012005C13DF /* deleteDataModuel.swift in Sources */,
				EB163D6B1D226344005C13DF /* laolin.xcdatamodeld in Sources */,
				EB163D961D2B5326005C13DF /* TableViewController.swift in Sources */,
				EB163D841D250020005C13DF /* getDataModuel.swift in Sources */,
				EB163D881D250301005C13DF /* deleteBaseBusiness.swift in Sources */,
				EB163D981D2B540B005C13DF /* TableViewCell.swift in Sources */,
				EB163D801D24E817005C13DF /* addDataModuel.swift in Sources */,
				EB163D7E1D24CA04005C13DF /* addBusiness.swift in Sources */,
			);
			runOnlyForDeploymentPostprocessing = 0;
		};
/* End PBXSourcesBuildPhase section */

/* Begin PBXVariantGroup section */
		EB163D661D226344005C13DF /* Main.storyboard */ = {
			isa = PBXVariantGroup;
			children = (
				EB163D671D226344005C13DF /* Base */,
			);
			name = Main.storyboard;
			sourceTree = "<group>";
		};
		EB163D6E1D226344005C13DF /* LaunchScreen.storyboard */ = {
			isa = PBXVariantGroup;
			children = (
				EB163D6F1D226344005C13DF /* Base */,
			);
			name = LaunchScreen.storyboard;
			sourceTree = "<group>";
		};
/* End PBXVariantGroup section */

/* Begin XCBuildConfiguration section */
		EB163D721D226344005C13DF /* Debug */ = {
			isa = XCBuildConfiguration;
			buildSettings = {
				ALWAYS_SEARCH_USER_PATHS = NO;
				CLANG_ANALYZER_NONNULL = YES;
				CLANG_CXX_LANGUAGE_STANDARD = "gnu++0x";
				CLANG_CXX_LIBRARY = "libc++";
				CLANG_ENABLE_MODULES = YES;
				CLANG_ENABLE_OBJC_ARC = YES;
				CLANG_WARN_BOOL_CONVERSION = YES;
				CLANG_WARN_CONSTANT_CONVERSION = YES;
				CLANG_WARN_DIRECT_OBJC_ISA_USAGE = YES_ERROR;
				CLANG_WARN_EMPTY_BODY = YES;
				CLANG_WARN_ENUM_CONVERSION = YES;
				CLANG_WARN_INT_CONVERSION = YES;
				CLANG_WARN_OBJC_ROOT_CLASS = YES_ERROR;
				CLANG_WARN_UNREACHABLE_CODE = YES;
				CLANG_WARN__DUPLICATE_METHOD_MATCH = YES;
				"CODE_SIGN_IDENTITY[sdk=iphoneos*]" = "iPhone Developer";
				COPY_PHASE_STRIP = NO;
				DEBUG_INFORMATION_FORMAT = dwarf;
				ENABLE_STRICT_OBJC_MSGSEND = YES;
				ENABLE_TESTABILITY = YES;
				GCC_C_LANGUAGE_STANDARD = gnu99;
				GCC_DYNAMIC_NO_PIC = NO;
				GCC_NO_COMMON_BLOCKS = YES;
				GCC_OPTIMIZATION_LEVEL = 0;
				GCC_PREPROCESSOR_DEFINITIONS = (
					"DEBUG=1",
					"$(inherited)",
				);
				GCC_WARN_64_TO_32_BIT_CONVERSION = YES;
				GCC_WARN_ABOUT_RETURN_TYPE = YES_ERROR;
				GCC_WARN_UNDECLARED_SELECTOR = YES;
				GCC_WARN_UNINITIALIZED_AUTOS = YES_AGGRESSIVE;
				GCC_WARN_UNUSED_FUNCTION = YES;
				GCC_WARN_UNUSED_VARIABLE = YES;
				IPHONEOS_DEPLOYMENT_TARGET = 9.3;
				MTL_ENABLE_DEBUG_INFO = YES;
				ONLY_ACTIVE_ARCH = YES;
				SDKROOT = iphoneos;
				SWIFT_OPTIMIZATION_LEVEL = "-Onone";
				TARGETED_DEVICE_FAMILY = "1,2";
			};
			name = Debug;
		};
		EB163D731D226344005C13DF /* Release */ = {
			isa = XCBuildConfiguration;
			buildSettings = {
				ALWAYS_SEARCH_USER_PATHS = NO;
				CLANG_ANALYZER_NONNULL = YES;
				CLANG_CXX_LANGUAGE_STANDARD = "gnu++0x";
				CLANG_CXX_LIBRARY = "libc++";
				CLANG_ENABLE_MODULES = YES;
				CLANG_ENABLE_OBJC_ARC = YES;
				CLANG_WARN_BOOL_CONVERSION = YES;
				CLANG_WARN_CONSTANT_CONVERSION = YES;
				CLANG_WARN_DIRECT_OBJC_ISA_USAGE = YES_ERROR;
				CLANG_WARN_EMPTY_BODY = YES;
				CLANG_WARN_ENUM_CONVERSION = YES;
				CLANG_WARN_INT_CONVERSION = YES;
				CLANG_WARN_OBJC_ROOT_CLASS = YES_ERROR;
				CLANG_WARN_UNREACHABLE_CODE = YES;
				CLANG_WARN__DUPLICATE_METHOD_MATCH = YES;
				"CODE_SIGN_IDENTITY[sdk=iphoneos*]" = "iPhone Developer";
				COPY_PHASE_STRIP = NO;
				DEBUG_INFORMATION_FORMAT = "dwarf-with-dsym";
				ENABLE_NS_ASSERTIONS = NO;
				ENABLE_STRICT_OBJC_MSGSEND = YES;
				GCC_C_LANGUAGE_STANDARD = gnu99;
				GCC_NO_COMMON_BLOCKS = YES;
				GCC_WARN_64_TO_32_BIT_CONVERSION = YES;
				GCC_WARN_ABOUT_RETURN_TYPE = YES_ERROR;
				GCC_WARN_UNDECLARED_SELECTOR = YES;
				GCC_WARN_UNINITIALIZED_AUTOS = YES_AGGRESSIVE;
				GCC_WARN_UNUSED_FUNCTION = YES;
				GCC_WARN_UNUSED_VARIABLE = YES;
				IPHONEOS_DEPLOYMENT_TARGET = 9.3;
				MTL_ENABLE_DEBUG_INFO = NO;
				SDKROOT = iphoneos;
				TARGETED_DEVICE_FAMILY = "1,2";
				VALIDATE_PRODUCT = YES;
			};
			name = Release;
		};
		EB163D751D226344005C13DF /* Debug */ = {
			isa = XCBuildConfiguration;
			baseConfigurationReference = E6582CA2B44F2AB975BBD33C /* Pods-laolin.debug.xcconfig */;
			buildSettings = {
				ASSETCATALOG_COMPILER_APPICON_NAME = AppIcon;
				CODE_SIGN_IDENTITY = "iPhone Developer";
				"CODE_SIGN_IDENTITY[sdk=iphoneos*]" = "iPhone Developer";
				INFOPLIST_FILE = laolin/Info.plist;
				LD_RUNPATH_SEARCH_PATHS = "$(inherited) @executable_path/Frameworks";
				PRODUCT_BUNDLE_IDENTIFIER = "com.iOS-swift.20160422.learn.laolin";
				PRODUCT_NAME = "$(TARGET_NAME)";
				PROVISIONING_PROFILE = "";
			};
			name = Debug;
		};
		EB163D761D226344005C13DF /* Release */ = {
			isa = XCBuildConfiguration;
			baseConfigurationReference = 09ABC226C9C19C408E36DA79 /* Pods-laolin.release.xcconfig */;
			buildSettings = {
				ASSETCATALOG_COMPILER_APPICON_NAME = AppIcon;
				CODE_SIGN_IDENTITY = "iPhone Developer";
				"CODE_SIGN_IDENTITY[sdk=iphoneos*]" = "iPhone Developer";
				INFOPLIST_FILE = laolin/Info.plist;
				LD_RUNPATH_SEARCH_PATHS = "$(inherited) @executable_path/Frameworks";
				PRODUCT_BUNDLE_IDENTIFIER = "com.iOS-swift.20160422.learn.laolin";
				PRODUCT_NAME = "$(TARGET_NAME)";
				PROVISIONING_PROFILE = "";
			};
			name = Release;
		};
/* End XCBuildConfiguration section */

/* Begin XCConfigurationList section */
		EB163D5A1D226344005C13DF /* Build configuration list for PBXProject "laolin" */ = {
			isa = XCConfigurationList;
			buildConfigurations = (
				EB163D721D226344005C13DF /* Debug */,
				EB163D731D226344005C13DF /* Release */,
			);
			defaultConfigurationIsVisible = 0;
			defaultConfigurationName = Release;
		};
		EB163D741D226344005C13DF /* Build configuration list for PBXNativeTarget "laolin" */ = {
			isa = XCConfigurationList;
			buildConfigurations = (
				EB163D751D226344005C13DF /* Debug */,
				EB163D761D226344005C13DF /* Release */,
			);
			defaultConfigurationIsVisible = 0;
			defaultConfigurationName = Release;
		};
/* End XCConfigurationList section */

/* Begin XCVersionGroup section */
		EB163D691D226344005C13DF /* laolin.xcdatamodeld */ = {
			isa = XCVersionGroup;
			children = (
				EB163D6A1D226344005C13DF /* laolin.xcdatamodel */,
			);
			currentVersion = EB163D6A1D226344005C13DF /* laolin.xcdatamodel */;
			path = laolin.xcdatamodeld;
			sourceTree = "<group>";
			versionGroupType = wrapper.xcdatamodel;
		};
/* End XCVersionGroup section */
	};
	rootObject = EB163D571D226344005C13DF /* Project object */;
}
